
Microsoft Visual Studio Solution File, Format Version 12.00
# Visual Studio Version 16
VisualStudioVersion = 25.0.1705.2
MinimumVisualStudioVersion = 10.0.40219.1
Project("{FAE04EC0-301F-11D3-BF4B-00C04F79EFBC}") = "seleniumfirst", "seleniumfirst.csproj", "{1EA8101A-6685-424C-8AD4-CC1EC3D1D183}"
EndProject
Global
	GlobalSection(SolutionConfigurationPlatforms) = preSolution
		Debug|Any CPU = Debug|Any CPU
		Release|Any CPU = Release|Any CPU
	EndGlobalSection
	GlobalSection(ProjectConfigurationPlatforms) = postSolution
		{1EA8101A-6685-424C-8AD4-CC1EC3D1D183}.Debug|Any CPU.ActiveCfg = Debug|Any CPU
		{1EA8101A-6685-424C-8AD4-CC1EC3D1D183}.Debug|Any CPU.Build.0 = Debug|Any CPU
		{1EA8101A-6685-424C-8AD4-CC1EC3D1D183}.Release|Any CPU.ActiveCfg = Release|Any CPU
		{1EA8101A-6685-424C-8AD4-CC1EC3D1D183}.Release|Any CPU.Build.0 = Release|Any CPU
	EndGlobalSection
	GlobalSection(SolutionProperties) = preSolution
		HideSolutionNode = FALSE
	EndGlobalSection
	GlobalSection(ExtensibilityGlobals) = postSolution
		SolutionGuid = {989A0610-9E1B-45CB-9C87-BD9577FE7638}
	EndGlobalSection
EndGlobal
